cloudeng.io/algo v0.0.0-20240301160019-e47d52cd5d84 h1:B4RuT3GzJrC+e1g7GSOaJ3MC58z/kveRtuM2vJLuz6Y=
cloudeng.io/algo v0.0.0-20240301160019-e47d52cd5d84/go.mod h1:gfL5sLmMj2WQWY7XYQaAjrN6R0xeXgfWYEb+obqfi98=
cloudeng.io/algo v0.0.0-20240318182131-625a2f6ed3f4/go.mod h1:gfL5sLmMj2WQWY7XYQaAjrN6R0xeXgfWYEb+obqfi98=
cloudeng.io/aws v0.0.0-20240301160019-e47d52cd5d84 h1:r1XY/Gy+pDuM1D3W5UNDgyfVB8fGUNF4PT0c4gTGjNM=
cloudeng.io/aws v0.0.0-20240301160019-e47d52cd5d84/go.mod h1:xGlks0Mgy0EGl+Jr1JrHtjzxNuQSYpns43CHeKr91uo=
cloudeng.io/cmdutil v0.0.0-20240301160019-e47d52cd5d84 h1:AsKrKavGJPOZGzBaRwUDrPPoJl4ptLBE/9FhGzmVG7Y=
cloudeng.io/cmdutil v0.0.0-20240301160019-e47d52cd5d84/go.mod h1:FvW2OnlZDgDaYoa+QbCm8RLJOkeXHZMF8z/ZR99uku8=
cloudeng.io/cmdutil v0.0.0-20240316212519-c83428bae4cf/go.mod h1:FvW2OnlZDgDaYoa+QbCm8RLJOkeXHZMF8z/ZR99uku8=
cloudeng.io/cmdutil v0.0.0-20240318182131-625a2f6ed3f4 h1:/G+KU1vSvdwycnFU3aOAkKddOwKMg9gNvAedZvTJZcY=
cloudeng.io/cmdutil v0.0.0-20240318182131-625a2f6ed3f4/go.mod h1:FvW2OnlZDgDaYoa+QbCm8RLJOkeXHZMF8z/ZR99uku8=
cloudeng.io/debug v0.0.0-20231026032435-4ad1389db593 h1:WEFkomseqbtoV3sDgMh25BeMUjajGB3nFRUbV1X/auo=
cloudeng.io/debug v0.0.0-20231026032435-4ad1389db593/go.mod h1:L94l9rix3PTZaCmlR4UiHtcU0ZVlFu5/BWbwgWSqqqk=
cloudeng.io/errors v0.0.8/go.mod h1:xWamLL6tn3roKI6MRRFkw1jUkJL9s7CJzFYfaxuhHZk=
cloudeng.io/errors v0.0.10 h1:M/UgEEjD1v9MiGAw4QFkSREPdmScPt1YVuKESbRy8zU=
cloudeng.io/errors v0.0.10/go.mod h1:GO+C05d4kZnEqUC5Po9vajcyG8ibIzYCcOuomXHEznQ=
cloudeng.io/file v0.0.0-20240301160019-e47d52cd5d84 h1:3eXAzicJ8AMGEYKMeGuG/Qo9ZlKVY/ZIa59ESgmN1oE=
cloudeng.io/file v0.0.0-20240301160019-e47d52cd5d84/go.mod h1:cmNGFILlDaNku6KiLsXeAGjY/227h2Pdb3pY763KG9s=
cloudeng.io/file v0.0.0-20240316212519-c83428bae4cf h1:7LxK8qUatnCCOLGNAPZU91uICLamn++vJXD+B6IqKO4=
cloudeng.io/file v0.0.0-20240316212519-c83428bae4cf/go.mod h1:cmNGFILlDaNku6KiLsXeAGjY/227h2Pdb3pY763KG9s=
cloudeng.io/file v0.0.0-20240318182131-625a2f6ed3f4 h1:844V2wfaHGWMDDOzaaHVl3YcrLjULir9EREfcqqonvM=
cloudeng.io/file v0.0.0-20240318182131-625a2f6ed3f4/go.mod h1:cmNGFILlDaNku6KiLsXeAGjY/227h2Pdb3pY763KG9s=
cloudeng.io/glean/config v0.0.0-20240301201538-0c1b418e4eb8 h1:cq0dqqgg+Jwl4YzGhwiOzU93XKXwAFikCQ10QieoeCU=
cloudeng.io/glean/config v0.0.0-20240301201538-0c1b418e4eb8/go.mod h1:RtytWHp6xWIVQOxK5+HSuB1MsOrAR2kYdhrrvO5ugKw=
cloudeng.io/glean/crawlindex v0.0.0-20240301201538-0c1b418e4eb8 h1:8Hw3qAf/HzW00D8MwqBtvuw4GnYufqowG6louzCaFPc=
cloudeng.io/glean/crawlindex v0.0.0-20240301201538-0c1b418e4eb8/go.mod h1:y5JCd0YToka8Iz/9fuN07lCQSD0p15lK7SdU071VQmc=
cloudeng.io/glean/crawlindex v0.0.0-20240318202821-b55471b97494 h1:H1bQDdmMl9e6A7BHTYICWBek+nd417YBuCLXZruZZLA=
cloudeng.io/glean/crawlindex v0.0.0-20240318202821-b55471b97494/go.mod h1:ep6Q1GsmsuAO5v8SFi0Xmf9pWTk8XZH7SApcM0hTVjM=
cloudeng.io/glean/extensions/benchling v0.0.0-20240301201538-0c1b418e4eb8 h1:z63X2PwHaz5UG+4b8pRI5zFSP7N7k0tNtfWR48MSFXg=
cloudeng.io/glean/extensions/benchling v0.0.0-20240301201538-0c1b418e4eb8/go.mod h1:8Bb3Wgp1+NSSB7BOc2/CrpG6vl5gEp+12VtP1qB4v9I=
cloudeng.io/glean/extensions/benchling v0.0.0-20240318202821-b55471b97494 h1:KktCHh4BoEFhzbwW+myWuzzy3sh7mG0c/psAnhglezY=
cloudeng.io/glean/extensions/benchling v0.0.0-20240318202821-b55471b97494/go.mod h1:7trNJbIjLcJGJ9AenHXTLj1yUiQAOc12VHaadJ3C1c0=
cloudeng.io/glean/extensions/biorxiv v0.0.0-20240301201538-0c1b418e4eb8 h1:scDUmt+kzW7dJnQuqX6R21TVV2i4jnV+8uyZse0hhrs=
cloudeng.io/glean/extensions/biorxiv v0.0.0-20240301201538-0c1b418e4eb8/go.mod h1:HkEv2buOGCdy0CuqBEK5dHw0wFeZDZxrKd7zA3KdC9g=
cloudeng.io/glean/extensions/biorxiv v0.0.0-20240318202821-b55471b97494 h1:Zhy3xQfIFiM+QDi+0UX6K6k0GidxyD6CScAq10KPbOU=
cloudeng.io/glean/extensions/biorxiv v0.0.0-20240318202821-b55471b97494/go.mod h1:ERdzAgJ7Ko01WLUBKUd2Wr8ORgAcP5+w8ryf0uZnY/g=
cloudeng.io/glean/extensions/papersapp v0.0.0-20240301201538-0c1b418e4eb8 h1:hKNztS5RSjYe+EKxYPTpiLywaaqfQ9w+vW4yD2hynyI=
cloudeng.io/glean/extensions/papersapp v0.0.0-20240301201538-0c1b418e4eb8/go.mod h1:K/YhfshuxN1rbaSO1Fre7oAX/F5tUsWf3yeyqtAf9O8=
cloudeng.io/glean/extensions/papersapp v0.0.0-20240318202821-b55471b97494 h1:lMwGFrrxvMCBTBzxib5KNj/bN9vi52r9QtkcoGmmzvQ=
cloudeng.io/glean/extensions/papersapp v0.0.0-20240318202821-b55471b97494/go.mod h1:zQmANZ7z9rmpboByH40gMGGCk3EcpeCukb1IFaGcB1A=
cloudeng.io/glean/extensions/protocolsio v0.0.0-20240301201538-0c1b418e4eb8 h1:WZnQu/aCSJ2nlZbAMcbwlT6u3NNObn9qLiQcutXT9Oo=
cloudeng.io/glean/extensions/protocolsio v0.0.0-20240301201538-0c1b418e4eb8/go.mod h1:qLYv0RYaxWPzaNBm0+vVwmLp0YpyM3rVKLpj1GYjlqg=
cloudeng.io/glean/extensions/protocolsio v0.0.0-20240318202821-b55471b97494 h1:ekeIjAT3T2kq1J+DrJ9UmBSOdUuXa93MvubtGt7HC80=
cloudeng.io/glean/extensions/protocolsio v0.0.0-20240318202821-b55471b97494/go.mod h1:N5aYm0el8/fWyao8nuYANA1ISbT4b/FjMlR6J66XYPk=
cloudeng.io/glean/gleanclientsdk v0.0.0-20240301201538-0c1b418e4eb8 h1:tDDccHPHQL2BwyUpqoGZFY6H6kOue2PsaOKu+wQDNog=
cloudeng.io/glean/gleanclientsdk v0.0.0-20240301201538-0c1b418e4eb8/go.mod h1:WwI841PxpnER4glA7pSQ3mrxJuZzCqmERGnKIdtR7Nw=
cloudeng.io/glean/gleansdk v0.0.0-20240301201538-0c1b418e4eb8 h1:pKrcsFWSAvRtST10t9d4P3ORXXYQVsCI2S0/cDTpBb4=
cloudeng.io/glean/gleansdk v0.0.0-20240301201538-0c1b418e4eb8/go.mod h1:ioMrT8I0XfS0zQ8am4x7YEUFjX1JPYYTfftLTEN+78E=
cloudeng.io/glean/gleansdk v0.0.0-20240318202821-b55471b97494 h1:HP/ItH/u8Bq6UDJ3fHUPDF+janQBx1eGBnDicl15yEI=
cloudeng.io/glean/gleansdk v0.0.0-20240318202821-b55471b97494/go.mod h1:NwJ9nu7hBX9RF7RbUw5akHkEszq3LnMtq47M01AW+ss=
cloudeng.io/net v0.0.0-20240301160019-e47d52cd5d84 h1:jwa0LjbnbcJouvhGS+BgKEn8C5A1IUkcc2+O0i2xVyE=
cloudeng.io/net v0.0.0-20240301160019-e47d52cd5d84/go.mod h1:1MmRGFc96u3Ml+XNlnsq/Pjmu5XwDxXi9zvkKpkTPlk=
cloudeng.io/net v0.0.0-20240315173010-822871381e62 h1:ZznULSxracFn9ji/iix+i68r1aeJI5Thk1mglsmLUNo=
cloudeng.io/net v0.0.0-20240315173010-822871381e62/go.mod h1:1MmRGFc96u3Ml+XNlnsq/Pjmu5XwDxXi9zvkKpkTPlk=
cloudeng.io/net v0.0.0-20240318182131-625a2f6ed3f4 h1:r4u3pzF1TZczZWCj5JTP1Tnar5bxrNwz2eQYpXceoJ4=
cloudeng.io/net v0.0.0-20240318182131-625a2f6ed3f4/go.mod h1:1MmRGFc96u3Ml+XNlnsq/Pjmu5XwDxXi9zvkKpkTPlk=
cloudeng.io/os v0.0.0-20240301160019-e47d52cd5d84 h1:DTUZy7CEeFh9QZiNH2hIr/OiQJJJZeMWikeJ75NuThg=
cloudeng.io/os v0.0.0-20240301160019-e47d52cd5d84/go.mod h1:astGX/wZRKN9SuNzFyaFmpE2GilpMaM7TYO1UKbBfaU=
cloudeng.io/os v0.0.0-20240316212519-c83428bae4cf/go.mod h1:astGX/wZRKN9SuNzFyaFmpE2GilpMaM7TYO1UKbBfaU=
cloudeng.io/os v0.0.0-20240318182131-625a2f6ed3f4 h1:IjB3sTqB5Md3hsHWHoikemSUdv+lGY0RUTasvXAStRA=
cloudeng.io/os v0.0.0-20240318182131-625a2f6ed3f4/go.mod h1:astGX/wZRKN9SuNzFyaFmpE2GilpMaM7TYO1UKbBfaU=
cloudeng.io/path v0.0.9 h1:4kqfJ2OJwScl4E+iTo41ofV+pc4y8ZevAfUVkGSNALI=
cloudeng.io/path v0.0.9/go.mod h1:ZNgON0dxZp8dA2igYqywNcB3cEc5cvJniYaYVPWy3l8=
cloudeng.io/sync v0.0.8 h1:N8o5Qo5sjxwDktWIW/7rfK14O74jGS3pprefjF3EFKA=
cloudeng.io/sync v0.0.8/go.mod h1:76qdZzMQSN+iPeQxY9MSbnSELKQmcd9E6pnfRgWgN8s=
cloudeng.io/sys v0.0.0-20240213043943-f6a8f92f083f h1:KdhLXue6VSV+d0pSSAfD/0awkrx538f48hoZ2Ie79I8=
cloudeng.io/sys v0.0.0-20240213043943-f6a8f92f083f/go.mod h1:6eUpMj/QN8awJqgPi9IIPWeVV1H27XcfF2bta2MzmOY=
cloudeng.io/text v0.0.11 h1:q3+p3gxwNdr/V+k4+77fj9QxVpUU8G7B4+v26m+sE8I=
cloudeng.io/text v0.0.11/go.mod h1:99L3CQ55YhUy2+lHlFPowYyCoXO86fmkvNtcMT2X3GU=
cloudeng.io/webapi/apis/benchling v0.0.0-20240316214827-31cdacec1247 h1:SBr2g2TWeAQ/zgPOVSLLadqQvuBP4+VB0AUto/wtkvA=
cloudeng.io/webapi/apis/benchling v0.0.0-20240316214827-31cdacec1247/go.mod h1:7n7ao+keUR6yeUMXLa2YJ+/WnAs90xVc5eOjBT19Nno=
cloudeng.io/webapi/apis/biorxiv v0.0.0-20240316214827-31cdacec1247 h1:/VxjynU38xCvd2HxnGkJIqwZ99/r/cwQQIRSD2RP7IE=
cloudeng.io/webapi/apis/biorxiv v0.0.0-20240316214827-31cdacec1247/go.mod h1:Iu9edid/JX1SvusjnrJXv/Z8vSuzYI2hGTmvzVCSfI8=
cloudeng.io/webapi/apis/papersapp v0.0.0-20240316214827-31cdacec1247 h1:vifCsHpQayKpFmxg7cx10/oFSq7ERmdcyZl1DWuYchg=
cloudeng.io/webapi/apis/papersapp v0.0.0-20240316214827-31cdacec1247/go.mod h1:i9Vp8TeGL1NhGidR9frVfm9JnzYmqL70lwL1M9vR7eY=
cloudeng.io/webapi/apis/protocolsio v0.0.0-20240316214827-31cdacec1247 h1:Iuxj2TM1Mb/hmFUIgv+06MQMWytFH3to9YW4GZMRCtI=
cloudeng.io/webapi/apis/protocolsio v0.0.0-20240316214827-31cdacec1247/go.mod h1:4iGSvJqgJ7Uq3ZzyQjMe4jGo9HvhnToiNXC5cJ7mO6M=
cloudeng.io/webapi/benchling v0.0.0-20240304015302-6256cc401d35 h1:9mcn770Se7XDnUhIrGGFBpGPU0YPmfGbz1ESoKccdok=
cloudeng.io/webapi/benchling v0.0.0-20240304015302-6256cc401d35/go.mod h1:wbhULpSYucX1s9PiWi95Gi8ztIfZjPcSJ5Lt65li1Zk=
cloudeng.io/webapi/biorxiv v0.0.0-20240304015302-6256cc401d35 h1:uP2pr7uy8AvdTiHV9qz288SoW+tuLA/BBbaDQ3iG3QY=
cloudeng.io/webapi/biorxiv v0.0.0-20240304015302-6256cc401d35/go.mod h1:/d5nqeLeC0+1YRWam60m7GIiZbnzDAbLTG9uWtPaz04=
cloudeng.io/webapi/operations v0.0.0-20240304190508-aff8e8812700 h1:yvKEgHKMhRqmu6ZvgbytXrrxkoZuUu6yS91eX5z/92A=
cloudeng.io/webapi/operations v0.0.0-20240304190508-aff8e8812700/go.mod h1:SqDrBZ5chKUVsOjsiYv1bsRNmQ7u9rlp5aZpxAARzD4=
cloudeng.io/webapi/operations v0.0.0-20240316214133-4850ad239ee1 h1:lzGUdO/i1AU1Guz/vSxvzhqWXUxjJYpSxuwQZ6Kf76w=
cloudeng.io/webapi/operations v0.0.0-20240316214133-4850ad239ee1/go.mod h1:dswC4PerQ0HjXwkzf08tNtFoP4fabp4M1l0oZV5YRWU=
cloudeng.io/webapi/operations v0.0.0-20240316214827-31cdacec1247 h1:PY4uzPaLrRlVqYTcompvNUVdoq0Z/zRE5eUBlweC7v8=
cloudeng.io/webapi/operations v0.0.0-20240316214827-31cdacec1247/go.mod h1:I85nIZc3BesYjn2SUfH+8heBhSMNB4HAhb+V/GdDT4g=
cloudeng.io/webapi/papersapp v0.0.0-20240304015302-6256cc401d35 h1:T+OgPGDh9/kqrizD1doV9kCynti5TDEROUrIq89ZmBY=
cloudeng.io/webapi/papersapp v0.0.0-20240304015302-6256cc401d35/go.mod h1:Bnt9gSlV0ITs4Dy+5UZQAKcW1CvwTV7Y6iX4AzsVKlg=
cloudeng.io/webapi/protocolsio v0.0.0-20240304015302-6256cc401d35 h1:Zj60QxmvurXhjBpZtXjK3xSRoc76Itjz7ErFPtkz+6w=
cloudeng.io/webapi/protocolsio v0.0.0-20240304015302-6256cc401d35/go.mod h1:gv6x2CQ3rWu7P7Ps/NF5o2xfEXqsz4QY5kuEJg1O9K4=
cloudeng.io/webapi/webapitestutil v0.0.0-20230204003545-f310593967e5 h1:jzjeFPX1nflSztwDt2Xv+IiqjBGkkSB6vvwb5j7fjLQ=
cloudeng.io/webapi/webapitestutil v0.0.0-20230204003545-f310593967e5/go.mod h1:0tQ0jYj6jH3d4Jj0c2oOaB5TLbNwLu6kxQdS+2GbdbY=
github.com/Microsoft/go-winio v0.6.1 h1:9/kr64B9VUZrLm5YYwbGtUJnMgqWVOdUAXu6Migciow=
github.com/Microsoft/go-winio v0.6.1/go.mod h1:LRdKpFKfdobln8UmuiYcKPot9D2v6svN5+sAH+4kjUM=
github.com/RaveNoX/go-jsoncommentstrip v1.0.0/go.mod h1:78ihd09MekBnJnxpICcwzCMzGrKSKYe4AqU6PDYYpjk=
github.com/apapsch/go-jsonmerge/v2 v2.0.0 h1:axGnT1gRIfimI7gJifB699GoE/oq+F2MU7Dml6nw9rQ=
github.com/apapsch/go-jsonmerge/v2 v2.0.0/go.mod h1:lvDnEdqiQrp0O42VQGgmlKpxL1AP2+08jFMw88y4klk=
github.com/asaskevich/govalidator v0.0.0-20230301143203-a9d515a09cc2 h1:DklsrG3dyBCFEj5IhUbnKptjxatkF07cF2ak3yi77so=
github.com/asaskevich/govalidator v0.0.0-20230301143203-a9d515a09cc2/go.mod h1:WaHUgvxTVq04UNunO+XhnAqY/wQc+bxr74GqbsZ/Jqw=
github.com/aws/aws-sdk-go v1.50.17 h1:KsbzUKDgGNlkDHGvoQDhiJ63a9jtZd+O+/s3pTOr/ns=
github.com/aws/aws-sdk-go v1.50.17/go.mod h1:LF8svs817+Nz+DmiMQKTO3ubZ/6IaTpq3TjupRn3Eqk=
github.com/aws/aws-sdk-go-v2 v1.25.2 h1:/uiG1avJRgLGiQM9X3qJM8+Qa6KRGK5rRPuXE0HUM+w=
github.com/aws/aws-sdk-go-v2 v1.25.2/go.mod h1:Evoc5AsmtveRt1komDwIsjHFyrP5tDuF1D1U+6z6pNo=
github.com/aws/aws-sdk-go-v2/aws/protocol/eventstream v1.6.1 h1:gTK2uhtAPtFcdRRJilZPx8uJLL2J85xK11nKtWL0wfU=
github.com/aws/aws-sdk-go-v2/aws/protocol/eventstream v1.6.1/go.mod h1:sxpLb+nZk7tIfCWChfd+h4QwHNUR57d8hA1cleTkjJo=
github.com/aws/aws-sdk-go-v2/config v1.27.6 h1:WmoH1aPrxwcqAZTTnETjKr+fuvqzKd4hRrKxQUiuKP4=
github.com/aws/aws-sdk-go-v2/config v1.27.6/go.mod h1:W9RZFF2pL+OhnUSZsQS/eDMWD8v+R+yWgjj3nSlrXVU=
github.com/aws/aws-sdk-go-v2/credentials v1.17.6 h1:akhj/nSC6SEx3OmiYGG/7mAyXMem9ZNVVf+DXkikcTk=
github.com/aws/aws-sdk-go-v2/credentials v1.17.6/go.mod h1:chJZuJ7TkW4kiMwmldOJOEueBoSkUb4ynZS1d9dhygo=
github.com/aws/aws-sdk-go-v2/feature/ec2/imds v1.15.2 h1:AK0J8iYBFeUk2Ax7O8YpLtFsfhdOByh2QIkHmigpRYk=
github.com/aws/aws-sdk-go-v2/feature/ec2/imds v1.15.2/go.mod h1:iRlGzMix0SExQEviAyptRWRGdYNo3+ufW/lCzvKVTUc=
github.com/aws/aws-sdk-go-v2/internal/configsources v1.3.2 h1:bNo4LagzUKbjdxE0tIcR9pMzLR2U/Tgie1Hq1HQ3iH8=
github.com/aws/aws-sdk-go-v2/internal/configsources v1.3.2/go.mod h1:wRQv0nN6v9wDXuWThpovGQjqF1HFdcgWjporw14lS8k=
github.com/aws/aws-sdk-go-v2/internal/endpoints/v2 v2.6.2 h1:EtOU5jsPdIQNP+6Q2C5e3d65NKT1PeCiQk+9OdzO12Q=
github.com/aws/aws-sdk-go-v2/internal/endpoints/v2 v2.6.2/go.mod h1:tyF5sKccmDz0Bv4NrstEr+/9YkSPJHrcO7UsUKf7pWM=
github.com/aws/aws-sdk-go-v2/internal/ini v1.8.0 h1:hT8rVHwugYE2lEfdFE0QWVo81lF7jMrYJVDWI+f+VxU=
github.com/aws/aws-sdk-go-v2/internal/ini v1.8.0/go.mod h1:8tu/lYfQfFe6IGnaOdrpVgEL2IrrDOf6/m9RQum4NkY=
github.com/aws/aws-sdk-go-v2/internal/v4a v1.3.2 h1:en92G0Z7xlksoOylkUhuBSfJgijC7rHVLRdnIlHEs0E=
github.com/aws/aws-sdk-go-v2/internal/v4a v1.3.2/go.mod h1:HgtQ/wN5G+8QSlK62lbOtNwQ3wTSByJ4wH2rCkPt+AE=
github.com/aws/aws-sdk-go-v2/service/internal/accept-encoding v1.11.1 h1:EyBZibRTVAs6ECHZOw5/wlylS9OcTzwyjeQMudmREjE=
github.com/aws/aws-sdk-go-v2/service/internal/accept-encoding v1.11.1/go.mod h1:JKpmtYhhPs7D97NL/ltqz7yCkERFW5dOlHyVl66ZYF8=
github.com/aws/aws-sdk-go-v2/service/internal/checksum v1.3.4 h1:J3Q6N2sTChfYLZSTey3Qeo7n3JSm6RTJDcKev+7Sbus=
github.com/aws/aws-sdk-go-v2/service/internal/checksum v1.3.4/go.mod h1:ZopsdDMVg1H03X7BdzpGaufOkuz27RjtKDzioP2U0Hg=
github.com/aws/aws-sdk-go-v2/service/internal/presigned-url v1.11.4 h1:jRiWxyuVO8PlkN72wDMVn/haVH4SDCBkUt0Lf/dxd7s=
github.com/aws/aws-sdk-go-v2/service/internal/presigned-url v1.11.4/go.mod h1:Ru7vg1iQ7cR4i7SZ/JTLYN9kaXtbL69UdgG0OQWQxW0=
github.com/aws/aws-sdk-go-v2/service/internal/s3shared v1.17.2 h1:1oY1AVEisRI4HNuFoLdRUB0hC63ylDAN6Me3MrfclEg=
github.com/aws/aws-sdk-go-v2/service/internal/s3shared v1.17.2/go.mod h1:KZ03VgvZwSjkT7fOetQ/wF3MZUvYFirlI1H5NklUNsY=
github.com/aws/aws-sdk-go-v2/service/s3 v1.51.3 h1:7cR4xxS480TI0R6Bd75g9Npdw89VriquvQPlMNmuds4=
github.com/aws/aws-sdk-go-v2/service/s3 v1.51.3/go.mod h1:zb72GZ2MvfCX5ynVJ+Mc/NCx7hncbsko4NZm5E+p6J4=
github.com/aws/aws-sdk-go-v2/service/secretsmanager v1.27.0 h1:64jRTsqBcIqlA4N7ZFYy+ysGPE7Rz/nJgU2fwv2cymk=
github.com/aws/aws-sdk-go-v2/service/secretsmanager v1.27.0/go.mod h1:JsJDZFHwLGZu6dxhV9EV1gJrMnCeE4GEXubSZA59xdA=
github.com/aws/aws-sdk-go-v2/service/sso v1.20.1 h1:utEGkfdQ4L6YW/ietH7111ZYglLJvS+sLriHJ1NBJEQ=
github.com/aws/aws-sdk-go-v2/service/sso v1.20.1/go.mod h1:RsYqzYr2F2oPDdpy+PdhephuZxTfjHQe7SOBcZGoAU8=
github.com/aws/aws-sdk-go-v2/service/ssooidc v1.23.1 h1:9/GylMS45hGGFCcMrUZDVayQE1jYSIN6da9jo7RAYIw=
github.com/aws/aws-sdk-go-v2/service/ssooidc v1.23.1/go.mod h1:YjAPFn4kGFqKC54VsHs5fn5B6d+PCY2tziEa3U/GB5Y=
github.com/aws/aws-sdk-go-v2/service/sts v1.28.3 h1:TkiFkSVX990ryWIMBCT4kPqZEgThQe1xPU/AQXavtvU=
github.com/aws/aws-sdk-go-v2/service/sts v1.28.3/go.mod h1:xYNauIUqSuvzlPVb3VB5no/n48YGhmlInD3Uh0Co8Zc=
github.com/aws/smithy-go v1.20.1 h1:4SZlSlMr36UEqC7XOyRVb27XMeZubNcBNN+9IgEPIQw=
github.com/aws/smithy-go v1.20.1/go.mod h1:krry+ya/rV9RDcV/Q16kpu6ypI4K2czasz0NC3qS14E=
github.com/bmatcuk/doublestar v1.1.1/go.mod h1:UD6OnuiIn0yFxxA2le/rnRU1G4RaI4UvFv1sNto9p6w=
github.com/davecgh/go-spew v1.1.0/go.mod h1:J7Y8YcW2NihsgmVo/mv3lAwl/skON4iLHjSsI+c5H38=
github.com/davecgh/go-spew v1.1.1 h1:vj9j/u1bqnvCEfJOwUhtlOARqs3+rkHYY13jYWTU97c=
github.com/davecgh/go-spew v1.1.1/go.mod h1:J7Y8YcW2NihsgmVo/mv3lAwl/skON4iLHjSsI+c5H38=
github.com/distribution/reference v0.5.0 h1:/FUIFXtfc/x2gpa5/VGfiGLuOIdYa1t65IKK2OFGvA0=
github.com/distribution/reference v0.5.0/go.mod h1:BbU0aIcezP1/5jX/8MP0YiH4SdvB5Y4f/wlDRiLyi3E=
github.com/docker/docker v25.0.3+incompatible h1:D5fy/lYmY7bvZa0XTZ5/UJPljor41F+vdyJG5luQLfQ=
github.com/docker/docker v25.0.3+incompatible/go.mod h1:eEKB0N0r5NX/I1kEveEz05bcu8tLC/8azJZsviup8Sk=
github.com/docker/go-connections v0.5.0 h1:USnMq7hx7gwdVZq1L49hLXaFtUdTADjXGp+uj1Br63c=
github.com/docker/go-connections v0.5.0/go.mod h1:ov60Kzw0kKElRwhNs9UlUHAE/F9Fe6GLaXnqyDdmEXc=
github.com/docker/go-units v0.5.0 h1:69rxXcBk27SvSaaxTtLh/8llcHD8vYHT7WSdRZ/jvr4=
github.com/docker/go-units v0.5.0/go.mod h1:fgPhTUdO+D/Jk86RDLlptpiXQzgHJF7gydDDbaIK4Dk=
github.com/felixge/httpsnoop v1.0.4 h1:NFTV2Zj1bL4mc9sqWACXbQFVBBg2W3GPvqp8/ESS2Wg=
github.com/felixge/httpsnoop v1.0.4/go.mod h1:m8KPJKqk1gH5J9DgRY2ASl2lWCfGKXixSwevea8zH2U=
github.com/getkin/kin-openapi v0.123.0 h1:zIik0mRwFNLyvtXK274Q6ut+dPh6nlxBp0x7mNrPhs8=
github.com/getkin/kin-openapi v0.123.0/go.mod h1:wb1aSZA/iWmorQP9KTAS/phLj/t17B5jT7+fS8ed9NM=
github.com/go-logr/logr v1.4.1 h1:pKouT5E8xu9zeFC39JXRDukb6JFQPXM5p5I91188VAQ=
github.com/go-logr/logr v1.4.1/go.mod h1:9T104GzyrTigFIr8wt5mBrctHMim0Nb2HLGrmQ40KvY=
github.com/go-logr/stdr v1.2.2 h1:hSWxHoqTgW2S2qGc0LTAI563KZ5YKYRhT3MFKZMbjag=
github.com/go-logr/stdr v1.2.2/go.mod h1:mMo/vtBO5dYbehREoey6XUKy/eSumjCCveDpRre4VKE=
github.com/go-openapi/errors v0.21.1 h1:rVisxQPdETctjlYntm0Ek4dKf68nAQocCloCT50vWuI=
github.com/go-openapi/errors v0.21.1/go.mod h1:LyiY9bgc7AVVh6wtVvMYEyoj3KJYNoRw92mmvnMWgj8=
github.com/go-openapi/errors v0.22.0 h1:c4xY/OLxUBSTiepAg3j/MHuAv5mJhnf53LLMWFB+u/w=
github.com/go-openapi/errors v0.22.0/go.mod h1:J3DmZScxCDufmIMsdOuDHxJbdOGC0xtUynjIx092vXE=
github.com/go-openapi/jsonpointer v0.20.3 h1:jykzYWS/kyGtsHfRt6aV8JTB9pcQAXPIA7qlZ5aRlyk=
github.com/go-openapi/jsonpointer v0.20.3/go.mod h1:c7l0rjoouAuIxCm8v/JWKRgMjDG/+/7UBWsXMrv6PsM=
github.com/go-openapi/jsonpointer v0.21.0 h1:YgdVicSA9vH5RiHs9TZW5oyafXZFc6+2Vc1rr/O9oNQ=
github.com/go-openapi/jsonpointer v0.21.0/go.mod h1:IUyH9l/+uyhIYQ/PXVA41Rexl+kOkAPDdXEYns6fzUY=
github.com/go-openapi/strfmt v0.22.2 h1:DPYOrm6gexCfZZfXUaXFS4+Jw6HAaIIG0SZ5630f8yw=
github.com/go-openapi/strfmt v0.22.2/go.mod h1:HB/b7TCm91rno75Dembc1dFW/0FPLk5CEXsoF9ReNc4=
github.com/go-openapi/strfmt v0.23.0 h1:nlUS6BCqcnAk0pyhi9Y+kdDVZdZMHfEKQiS4HaMgO/c=
github.com/go-openapi/strfmt v0.23.0/go.mod h1:NrtIpfKtWIygRkKVsxh7XQMDQW5HKQl6S5ik2elW+K4=
github.com/go-openapi/swag v0.22.10 h1:4y86NVn7Z2yYd6pfS4Z+Nyh3aAUL3Nul+LMbhFKy0gA=
github.com/go-openapi/swag v0.22.10/go.mod h1:Cnn8BYtRlx6BNE3DPN86f/xkapGIcLWzh3CLEb4C1jI=
github.com/go-openapi/swag v0.23.0 h1:vsEVJDUo2hPJ2tu0/Xc+4noaxyEffXNIs3cOULZ+GrE=
github.com/go-openapi/swag v0.23.0/go.mod h1:esZ8ITTYEsH1V2trKHjAN8Ai7xHb8RV+YSZ577vPjgQ=
github.com/go-test/deep v1.0.8 h1:TDsG77qcSprGbC6vTN8OuXp5g+J+b5Pcguhf7Zt61VM=
github.com/go-test/deep v1.0.8/go.mod h1:5C2ZWiW0ErCdrYzpqxLbTX7MG14M9iiw8DgHncVwcsE=
github.com/gogo/protobuf v1.3.2 h1:Ov1cvc58UF3b5XjBnZv7+opcTcQFZebYjWzi34vdm4Q=
github.com/gogo/protobuf v1.3.2/go.mod h1:P1XiOD3dCwIKUDQYPy72D8LYyHL2YPYrpS2s69NZV8Q=
github.com/golang/protobuf v1.5.0/go.mod h1:FsONVRAS9T7sI+LIUmWTfcYkHO4aIWwzhcaSAoJOfIk=
github.com/golang/protobuf v1.5.2/go.mod h1:XVQd3VNwM+JqD3oG2Ue2ip4fOMUkwXdXDdiuN0vRsmY=
github.com/golang/protobuf v1.5.3 h1:KhyjKVUg7Usr/dYsdSqoFveMYd5ko72D+zANwlG1mmg=
github.com/golang/protobuf v1.5.3/go.mod h1:XVQd3VNwM+JqD3oG2Ue2ip4fOMUkwXdXDdiuN0vRsmY=
github.com/golang/protobuf v1.5.4 h1:i7eJL8qZTpSEXOPTxNKhASYpMn+8e5Q6AdndVa1dWek=
github.com/golang/protobuf v1.5.4/go.mod h1:lnTiLA8Wa4RWRcIUkrtSVa5nRhsEGBg48fD6rSs7xps=
github.com/google/go-cmp v0.5.5/go.mod h1:v8dTdLbMG2kIc/vJvl+f65V22dbkXbowE6jgT/gNBxE=
github.com/google/go-cmp v0.5.9 h1:O2Tfq5qg4qc4AmwVlvv0oLiVAGB7enBSJ2x2DqQFi38=
github.com/google/go-cmp v0.5.9/go.mod h1:17dUlkBOakJ0+DkrSSNjCkIjxS6bF9zb3elmeNGIjoY=
github.com/google/uuid v1.6.0 h1:NIvaJDMOsjHA8n1jAhLSgzrAzy1Hgr+hNrb57e+94F0=
github.com/google/uuid v1.6.0/go.mod h1:TIyPZe4MgqvfeYDBFedMoGGpEw/LqOeaOT+nhxU+yHo=
github.com/invopop/yaml v0.2.0 h1:7zky/qH+O0DwAyoobXUqvVBwgBFRxKoQ/3FjcVpjTMY=
github.com/invopop/yaml v0.2.0/go.mod h1:2XuRLgs/ouIrW3XNzuNj7J3Nvu/Dig5MXvbCEdiBN3Q=
github.com/jmespath/go-jmespath v0.4.0 h1:BEgLn5cpjn8UN1mAw4NjwDrS35OdebyEtFe+9YPoQUg=
github.com/jmespath/go-jmespath v0.4.0/go.mod h1:T8mJZnbsbmF+m6zOOFylbeCJqk5+pHWvzYPziyZiYoo=
github.com/josharian/intern v1.0.0 h1:vlS4z54oSdjm0bgjRigI+G1HpF+tI+9rE5LLzOg8HmY=
github.com/josharian/intern v1.0.0/go.mod h1:5DoeVV0s6jJacbCEi61lwdGj/aVlrQvzHFFd8Hwg//Y=
github.com/juju/gnuflag v0.0.0-20171113085948-2ce1bb71843d/go.mod h1:2PavIy+JPciBPrBUjwbNvtwB6RQlve+hkpll6QSNmOE=
github.com/kr/pretty v0.3.1 h1:flRD4NNwYAUpkphVc1HcthR4KEIFJ65n8Mw5qdRn3LE=
github.com/kr/pretty v0.3.1/go.mod h1:hoEshYVHaxMs3cyo3Yncou5ZscifuDolrwPKZanG3xk=
github.com/kr/text v0.2.0 h1:5Nx0Ya0ZqY2ygV366QzturHI13Jq95ApcVaJBhpS+AY=
github.com/kr/text v0.2.0/go.mod h1:eLer722TekiGuMkidMxC/pM04lWEeraHUUmBw8l2grE=
github.com/labstack/echo/v4 v4.11.4 h1:vDZmA+qNeh1pd/cCkEicDMrjtrnMGQ1QFI9gWN1zGq8=
github.com/labstack/echo/v4 v4.11.4/go.mod h1:noh7EvLwqDsmh/X/HWKPUl1AjzJrhyptRyEbQJfxen8=
github.com/labstack/gommon v0.4.2 h1:F8qTUNXgG1+6WQmqoUWnz8WiEU60mXVVw0P4ht1WRA0=
github.com/labstack/gommon v0.4.2/go.mod h1:QlUFxVM+SNXhDL/Z7YhocGIBYOiwB0mXm1+1bAPHPyU=
github.com/mailru/easyjson v0.7.7 h1:UGYAvKxe3sBsEDzO8ZeWOSlIQfWFlxbzLZe7hwFURr0=
github.com/mailru/easyjson v0.7.7/go.mod h1:xzfreul335JAWq5oZzymOObrkdz5UnU4kGfJJLY9Nlc=
github.com/mattn/go-colorable v0.1.13 h1:fFA4WZxdEF4tXPZVKMLwD8oUnCTTo08duU7wxecdEvA=
github.com/mattn/go-colorable v0.1.13/go.mod h1:7S9/ev0klgBDR4GtXTXX8a3vIGJpMovkB8vQcUbaXHg=
github.com/mattn/go-isatty v0.0.16/go.mod h1:kYGgaQfpe5nmfYZH+SKPsOc2e4SrIfOl2e/yFXSvRLM=
github.com/mattn/go-isatty v0.0.20 h1:xfD0iDuEKnDkl03q4limB+vH+GxLEtL/jb4xVJSWWEY=
github.com/mattn/go-isatty v0.0.20/go.mod h1:W+V8PltTTMOvKvAeJH7IuucS94S2C6jfK/D7dTCTo3Y=
github.com/mitchellh/mapstructure v1.5.0 h1:jeMsZIYE/09sWLaz43PL7Gy6RuMjD2eJVyuac5Z2hdY=
github.com/mitchellh/mapstructure v1.5.0/go.mod h1:bFUtVrKA4DC2yAKiSyO/QUcy7e+RRV2QTWOzhPopBRo=
github.com/mohae/deepcopy v0.0.0-20170929034955-c48cc78d4826 h1:RWengNIwukTxcDr9M+97sNutRR1RKhG96O6jWumTTnw=
github.com/mohae/deepcopy v0.0.0-20170929034955-c48cc78d4826/go.mod h1:TaXosZuwdSHYgviHp1DAtfrULt5eUgsSMsZf+YrPgl8=
github.com/oapi-codegen/runtime v1.1.1 h1:EXLHh0DXIJnWhdRPN2w4MXAzFyE4CskzhNLUmtpMYro=
github.com/oapi-codegen/runtime v1.1.1/go.mod h1:SK9X900oXmPWilYR5/WKPzt3Kqxn/uS/+lbpREv+eCg=
github.com/oklog/ulid v1.3.1 h1:EGfNDEx6MqHz8B3uNV6QAib1UR2Lm97sHi3ocA6ESJ4=
github.com/oklog/ulid v1.3.1/go.mod h1:CirwcVhetQ6Lv90oh/F+FBtV6XMibvdAFo93nm5qn4U=
github.com/opencontainers/go-digest v1.0.0 h1:apOUWs51W5PlhuyGyz9FCeeBIOUDA/6nW8Oi/yOhh5U=
github.com/opencontainers/go-digest v1.0.0/go.mod h1:0JzlMkj0TRzQZfJkVvzbP0HBR3IKzErnv2BNG4W4MAM=
github.com/opencontainers/image-spec v1.0.2 h1:9yCKha/T5XdGtO0q9Q9a6T5NUCsTn/DrBg0D7ufOcFM=
github.com/opencontainers/image-spec v1.0.2/go.mod h1:BtxoFyWECRxE4U/7sNtV5W15zMzWCbyJoFRP3s7yZA0=
github.com/orlangure/gnomock v0.30.0 h1:WXq/3KTKRVYe9a3BXa5JMZCCrg2RwNAPB2bZHMxEntE=
github.com/orlangure/gnomock v0.30.0/go.mod h1:vDur9icFVsecjDQrHn06SbUs0BXjJaNJRDexBsPh5f4=
github.com/perimeterx/marshmallow v1.1.5 h1:a2LALqQ1BlHM8PZblsDdidgv1mWi1DgC2UmX50IvK2s=
github.com/perimeterx/marshmallow v1.1.5/go.mod h1:dsXbUu8CRzfYP5a87xpp0xq9S3u0Vchtcl8we9tYaXw=
github.com/pkg/errors v0.9.1 h1:FEBLx1zS214owpjy7qsBeixbURkuhQAwrK5UwLGTwt4=
github.com/pkg/errors v0.9.1/go.mod h1:bwawxfHBFNV+L2hUp1rHADufV3IMtnDRdf1r5NINEl0=
github.com/pmezard/go-difflib v1.0.0 h1:4DBwDE0NGyQoBHbLQYPwSUPoCMWR5BEzIk/f1lZbAQM=
github.com/pmezard/go-difflib v1.0.0/go.mod h1:iKH77koFhYxTK1pcRnkKkqfTogsbg7gZNVY4sRDYZ/4=
github.com/rogpeppe/go-internal v1.12.0 h1:exVL4IDcn6na9z1rAb56Vxr+CgyK3nn3O+epU5NdKM8=
github.com/rogpeppe/go-internal v1.12.0/go.mod h1:E+RYuTGaKKdloAfM02xzb0FW3Paa99yedzYV+kq4uf4=
github.com/spkg/bom v0.0.0-20160624110644-59b7046e48ad/go.mod h1:qLr4V1qq6nMqFKkMo8ZTx3f+BZEkzsRUY10Xsm2mwU0=
github.com/stretchr/objx v0.1.0/go.mod h1:HFkY916IF+rwdDfMAkV7OtwuqBVzrE8GR6GFx+wExME=
github.com/stretchr/testify v1.3.0/go.mod h1:M5WIy9Dh21IEIfnGCwXGc5bZfKNJtfHm1UVUgZn+9EI=
github.com/stretchr/testify v1.9.0 h1:HtqpIVDClZ4nwg75+f6Lvsy/wHu+3BoSGCbBAcpTsTg=
github.com/stretchr/testify v1.9.0/go.mod h1:r2ic/lqez/lEtzL7wO/rwa5dbSLXVDPFyf8C91i36aY=
github.com/ugorji/go/codec v1.2.12 h1:9LC83zGrHhuUA9l16C9AHXAqEV/2wBQ4nkvumAE65EE=
github.com/ugorji/go/codec v1.2.12/go.mod h1:UNopzCgEMSXjBc6AOMqYvWC1ktqTAfzJZUZgYf6w6lg=
github.com/valyala/bytebufferpool v1.0.0 h1:GqA5TC/0021Y/b9FG4Oi9Mr3q7XYx6KllzawFIhcdPw=
github.com/valyala/bytebufferpool v1.0.0/go.mod h1:6bBcMArwyJ5K/AmCkWv1jt77kVWyCJ6HpOuEn7z0Csc=
github.com/valyala/fasttemplate v1.2.2 h1:lxLXG0uE3Qnshl9QyaK6XJxMXlQZELvChBOCmQD0Loo=
github.com/valyala/fasttemplate v1.2.2/go.mod h1:KHLXt3tVN2HBp8eijSv/kGJopbvo7S+qRAEEKiv+SiQ=
github.com/yuin/goldmark v1.4.13/go.mod h1:6yULJ656Px+3vBD8DxQVa3kxgyrAnzto9xy5taEt/CY=
go.mongodb.org/mongo-driver v1.14.0 h1:P98w8egYRjYe3XDjxhYJagTokP/H6HzlsnojRgZRd80=
go.mongodb.org/mongo-driver v1.14.0/go.mod h1:Vzb0Mk/pa7e6cWw85R4F/endUC3u0U9jGcNU603k65c=
go.opentelemetry.io/contrib/instrumentation/net/http/otelhttp v0.48.0 h1:doUP+ExOpH3spVTLS0FcWGLnQrPct/hD/bCPbDRUEAU=
go.opentelemetry.io/contrib/instrumentation/net/http/otelhttp v0.48.0/go.mod h1:rdENBZMT2OE6Ne/KLwpiXudnAsbdrdBaqBvTN8M8BgA=
go.opentelemetry.io/otel v1.23.1 h1:Za4UzOqJYS+MUczKI320AtqZHZb7EqxO00jAHE0jmQY=
go.opentelemetry.io/otel v1.23.1/go.mod h1:Td0134eafDLcTS4y+zQ26GE8u3dEuRBiBCTUIRHaikA=
go.opentelemetry.io/otel/metric v1.23.1 h1:PQJmqJ9u2QaJLBOELl1cxIdPcpbwzbkjfEyelTl2rlo=
go.opentelemetry.io/otel/metric v1.23.1/go.mod h1:mpG2QPlAfnK8yNhNJAxDZruU9Y1/HubbC+KyH8FaCWI=
go.opentelemetry.io/otel/trace v1.23.1 h1:4LrmmEd8AU2rFvU1zegmvqW7+kWarxtNOPyeL6HmYY8=
go.opentelemetry.io/otel/trace v1.23.1/go.mod h1:4IpnpJFwr1mo/6HL8XIPJaE9y0+u1KcVmuW7dwFSVrI=
go.uber.org/multierr v1.11.0 h1:blXXJkSxSSfBVBlC76pxqeO+LN3aDfLQo+309xJstO0=
go.uber.org/multierr v1.11.0/go.mod h1:20+QtiLqy0Nd6FdQB9TLXag12DsQkrbs3htMFfDN80Y=
go.uber.org/zap v1.26.0 h1:sI7k6L95XOKS281NhVKOFCUNIvv9e0w4BF8N3u+tCRo=
go.uber.org/zap v1.26.0/go.mod h1:dtElttAiwGvoJ/vj4IwHBS/gXsEu/pZ50mUIRWuG0so=
golang.org/x/crypto v0.0.0-20190308221718-c2843e01d9a2/go.mod h1:djNgcEr1/C05ACkg1iLfiJU5Ep61QUkGW8qpdssI0+w=
golang.org/x/crypto v0.0.0-20210921155107-089bfa567519/go.mod h1:GvvjBRRGRdwPK5ydBHafDWAxML/pGHZbMvKqRZ5+Abc=
golang.org/x/crypto v0.21.0 h1:X31++rzVUdKhX5sWmSOFZxx8UW/ldWx55cbf08iNAMA=
golang.org/x/crypto v0.21.0/go.mod h1:0BP7YvVV9gBbVKyeTG0Gyn+gZm94bibOW5BjDEYAOMs=
golang.org/x/mod v0.6.0-dev.0.20220419223038-86c51ed26bb4/go.mod h1:jJ57K6gSWd91VN4djpZkiMVwK6gcyfeH4XE8wZrZaV4=
golang.org/x/mod v0.15.0 h1:SernR4v+D55NyBH2QiEQrlBAnj1ECL6AGrA5+dPaMY8=
golang.org/x/mod v0.15.0/go.mod h1:hTbmBsO62+eylJbnUtE2MGJUyE7QWk4xUqPFrRgJ+7c=
golang.org/x/net v0.0.0-20190620200207-3b0461eec859/go.mod h1:z5CRVTTTmAJ677TzLLGU+0bjPO0LkuOLi4/5GtJWs/s=
golang.org/x/net v0.0.0-20210226172049-e18ecbb05110/go.mod h1:m0MpNAwzfU5UDzcl9v0D8zg8gWTRqZa9RBIspLL5mdg=
golang.org/x/net v0.0.0-20220722155237-a158d28d115b/go.mod h1:XRhObCWvk6IyKnWLug+ECip1KBveYUHfp+8e9klMJ9c=
golang.org/x/net v0.22.0 h1:9sGLhx7iRIHEiX0oAJ3MRZMUCElJgy7Br1nO+AMN3Tc=
golang.org/x/net v0.22.0/go.mod h1:JKghWKKOSdJwpW2GEx0Ja7fmaKnMsbu+MWVZTokSYmg=
golang.org/x/oauth2 v0.18.0 h1:09qnuIAgzdx1XplqJvW6CQqMCtGZykZWcXzPMPUusvI=
golang.org/x/oauth2 v0.18.0/go.mod h1:Wf7knwG0MPoWIMMBgFlEaSUDaKskp0dCfrlJRJXbBi8=
golang.org/x/sync v0.0.0-20190423024810-112230192c58/go.mod h1:RxMgew5VJxzue5/jJTE5uejpjVlOe/izrB70Jof72aM=
golang.org/x/sync v0.0.0-20220722155255-886fb9371eb4/go.mod h1:RxMgew5VJxzue5/jJTE5uejpjVlOe/izrB70Jof72aM=
golang.org/x/sync v0.6.0 h1:5BMeUDZ7vkXGfEr1x9B4bRcTH4lpkTkpdh0T/J+qjbQ=
golang.org/x/sync v0.6.0/go.mod h1:Czt+wKu1gCyEFDUtn0jG5QVvpJ6rzVqr5aXyt9drQfk=
golang.org/x/sys v0.0.0-20190215142949-d0b11bdaac8a/go.mod h1:STP8DvDyc/dI5b8T5hshtkjS+E42TnysNCUPdjciGhY=
golang.org/x/sys v0.0.0-20201119102817-f84b799fce68/go.mod h1:h1NjWce9XRLGQEsW7wpKNCjG9DtNlClVuFLEZdDNbEs=
golang.org/x/sys v0.0.0-20210615035016-665e8c7367d1/go.mod h1:oPkhp1MJrh7nUepCBck5+mAzfO9JrbApNNgaTdGDITg=
golang.org/x/sys v0.0.0-20220520151302-bc2c85ada10a/go.mod h1:oPkhp1MJrh7nUepCBck5+mAzfO9JrbApNNgaTdGDITg=
golang.org/x/sys v0.0.0-20220722155257-8c9f86f7a55f/go.mod h1:oPkhp1MJrh7nUepCBck5+mAzfO9JrbApNNgaTdGDITg=
golang.org/x/sys v0.0.0-20220811171246-fbc7d0a398ab/go.mod h1:oPkhp1MJrh7nUepCBck5+mAzfO9JrbApNNgaTdGDITg=
golang.org/x/sys v0.6.0/go.mod h1:oPkhp1MJrh7nUepCBck5+mAzfO9JrbApNNgaTdGDITg=
golang.org/x/sys v0.18.0 h1:DBdB3niSjOA/O0blCZBqDefyWNYveAYMNF1Wum0DYQ4=
golang.org/x/sys v0.18.0/go.mod h1:/VUhepiaJMQUp4+oa/7Zr1D23ma6VTLIYjOOTFZPUcA=
golang.org/x/term v0.0.0-20201126162022-7de9c90e9dd1/go.mod h1:bj7SfCRtBDWHUb9snDiAeCFNEtKQo2Wmx5Cou7ajbmo=
golang.org/x/term v0.0.0-20210927222741-03fcf44c2211/go.mod h1:jbD1KX2456YbFQfuXm/mYQcufACuNUgVhRMnK/tPxf8=
golang.org/x/text v0.3.0/go.mod h1:NqM8EUOU14njkJ3fqMW+pc6Ldnwhi/IjpwHt7yyuwOQ=
golang.org/x/text v0.3.3/go.mod h1:5Zoc/QRtKVWzQhOtBMvqHzDpF6irO9z98xDceosuGiQ=
golang.org/x/text v0.3.7/go.mod h1:u+2+/6zg+i71rQMx5EYifcz6MCKuco9NR6JIITiCfzQ=
golang.org/x/text v0.3.8/go.mod h1:E6s5w1FMmriuDzIBO73fBruAKo1PCIq6d2Q6DHfQ8WQ=
golang.org/x/text v0.14.0 h1:ScX5w1eTa3QqT8oi6+ziP7dTV1S2+ALU0bI+0zXKWiQ=
golang.org/x/text v0.14.0/go.mod h1:18ZOQIKpY8NJVqYksKHtTdi31H5itFRjB5/qKTNYzSU=
golang.org/x/tools v0.0.0-20180917221912-90fa682c2a6e/go.mod h1:n7NCudcB/nEzxVGmLbDWY5pfWTLqBcC2KZ6jyYvM4mQ=
golang.org/x/tools v0.0.0-20191119224855-298f0cb1881e/go.mod h1:b+2E5dAYhXwXZwtnZ6UAqBI28+e2cm9otk0dWdXHAEo=
golang.org/x/tools v0.1.12/go.mod h1:hNGJHUnrk76NpqgfD5Aqm5Crs+Hm0VOH/i9J2+nxYbc=
golang.org/x/tools v0.18.0 h1:k8NLag8AGHnn+PHbl7g43CtqZAwG60vZkLqgyZgIHgQ=
golang.org/x/tools v0.18.0/go.mod h1:GL7B4CwcLLeo59yx/9UWWuNOW1n3VZ4f5axWfML7Lcg=
golang.org/x/xerrors v0.0.0-20190717185122-a985d3407aa7/go.mod h1:I/5z698sn9Ka8TeJc9MKroUUfqBBauWjQqLJ2OPfmY0=
golang.org/x/xerrors v0.0.0-20191204190536-9bdfabe68543/go.mod h1:I/5z698sn9Ka8TeJc9MKroUUfqBBauWjQqLJ2OPfmY0=
google.golang.org/appengine v1.6.8 h1:IhEN5q69dyKagZPYMSdIjS2HqprW324FRQZJcGqPAsM=
google.golang.org/appengine v1.6.8/go.mod h1:1jJ3jBArFh5pcgW8gCtRJnepW8FzD1V44FJffLiz/Ds=
google.golang.org/protobuf v1.26.0-rc.1/go.mod h1:jlhhOSvTdKEhbULTjvd4ARK9grFBp09yW+WbY/TyQbw=
google.golang.org/protobuf v1.26.0/go.mod h1:9q0QmTI4eRPtz6boOQmLYwt+qCgq0jsYwAQnmE0givc=
google.golang.org/protobuf v1.33.0 h1:uNO2rsAINq/JlFpSdYEKIZ0uKD/R9cpdv0T+yoGwGmI=
google.golang.org/protobuf v1.33.0/go.mod h1:c6P6GXX6sHbq/GpV6MGZEdwhWPcYBgnhAHhKbcUYpos=
gopkg.in/check.v1 v0.0.0-20161208181325-20d25e280405/go.mod h1:Co6ibVJAznAaIkqp8huTwlJQCZ016jof/cbN4VW5Yz0=
gopkg.in/check.v1 v1.0.0-20201130134442-10cb98267c6c h1:Hei/4ADfdWqJk1ZMxUNpqntNwaWcugrBjAiHlqqRiVk=
gopkg.in/check.v1 v1.0.0-20201130134442-10cb98267c6c/go.mod h1:JHkPIbrfpd72SG/EVd6muEfDQjcINNoR0C8j2r3qZ4Q=
gopkg.in/yaml.v2 v2.4.0 h1:D8xgwECY7CYvx+Y2n4sBz93Jn9JRvxdiyyo8CTfuKaY=
gopkg.in/yaml.v2 v2.4.0/go.mod h1:RDklbk79AGWmwhnvt/jBztapEOGDOx6ZbXqjP6csGnQ=
gopkg.in/yaml.v3 v3.0.0/go.mod h1:K4uyk7z7BCEPqu6E+C64Yfv1cQ7kz7rIZviUmN+EgEM=
gopkg.in/yaml.v3 v3.0.1 h1:fxVm/GzAzEWqLHuvctI91KS9hhNmmWOoWu0XTYJS7CA=
gopkg.in/yaml.v3 v3.0.1/go.mod h1:K4uyk7z7BCEPqu6E+C64Yfv1cQ7kz7rIZviUmN+EgEM=
