cloudeng.io/algo v0.0.0-20260108221821-c297f12474b8 h1:+YtnSPrXu7AQ+xidRmRmMzhz+Wj6Pk2GKptzJGaeq+w=
cloudeng.io/algo v0.0.0-20260108221821-c297f12474b8/go.mod h1:UZ8vyc4kEQUKOdaj5K0KfFZjUbSguHKBTEkhzA17zmw=
cloudeng.io/aws v0.0.0-20251210231338-d661eee74313 h1:jnF72Ivr8BrB+zrYIXY/ISFD4NTs1oD/jKSnAZ6mJtM=
cloudeng.io/aws v0.0.0-20251210231338-d661eee74313/go.mod h1:DnRQ+t3rEq/7Y9RnH3ppoMfqGIMSN5HsBZugL/BGuc0=
cloudeng.io/cmdutil v0.0.0-20260108221821-c297f12474b8 h1:EhhmS2OxX91FdFKBtAb0NwmwwT8ify82h+bcFDidp9o=
cloudeng.io/cmdutil v0.0.0-20260108221821-c297f12474b8/go.mod h1:wwS0R+LLbj/YrAOB7ae4HHGA18olmggBlf/rPs/f2UM=
cloudeng.io/debug v0.0.0-20251104042927-f7e1e5e3ef21 h1:8X8fYjZHc+kayF+OuT1dCJw1/W/8sNybcHEKSYmK8TY=
cloudeng.io/debug v0.0.0-20251104042927-f7e1e5e3ef21/go.mod h1:XmMPhxxJQ3OEPfcwsIUNqj9cjlTiwwSDK3hCCAQYeLw=
cloudeng.io/errors v0.0.13 h1:VNAhh/LMgXDzfSx/LxeYU+A6UUBP6K65yTyvQd2OJ5E=
cloudeng.io/errors v0.0.13/go.mod h1:+IAMDlCNxHDxlWE9vjkPxED0d7Wzt7Nl3REebuCO4m8=
cloudeng.io/file v0.0.0-20260108221821-c297f12474b8 h1:E225xow2n/1HD6lhrVUnaPxIS3HxdVArUpPVLxqviQY=
cloudeng.io/file v0.0.0-20260108221821-c297f12474b8/go.mod h1:vCRzdxyGkyTDq0KjdG2Z1cmEXM/Cof6mO1LkYv7WJos=
cloudeng.io/glean/crawlindex v0.0.0-20240326201209-9c527276faad h1:EOEMYjBv78VtjGcXZV3+SSJmxSFPVeNbH2/TikcP5rw=
cloudeng.io/glean/crawlindex v0.0.0-20240326201209-9c527276faad/go.mod h1:F0kwsZAEIUOSjHQu4GOgy10C/YmzOwg+8QNGL1Otw4Q=
cloudeng.io/glean/gleancli v0.0.0-20240320234425-033fda93db05 h1:M6rd2s11brq3wf1yIIcegO9vovdoGfEz95haRMO2F3g=
cloudeng.io/glean/gleancli v0.0.0-20240320234425-033fda93db05/go.mod h1:f+nNHY2C8G5HLovpaG+R7FNAoDwvNO/kWWF1PQaHuHI=
cloudeng.io/glean/gleansdk v0.0.0-20240326201209-9c527276faad h1:hufVwc4W9UoNh7N+owCdoLoF3Dlu8uayTBGuFIu9ks4=
cloudeng.io/glean/gleansdk v0.0.0-20240326201209-9c527276faad/go.mod h1:NwJ9nu7hBX9RF7RbUw5akHkEszq3LnMtq47M01AW+ss=
cloudeng.io/logging v0.0.0-20260108192015-3dc1bcfdd4c2 h1:ymFOJUvfZ5XhoejF59f9Ts8/NurX2NxJDfaVx9ewcms=
cloudeng.io/logging v0.0.0-20260108192015-3dc1bcfdd4c2/go.mod h1:D0TUs3Aiwa1c7xI/TE7JITYnICck34r6DR5twakJjIs=
cloudeng.io/net v0.0.0-20260108192015-3dc1bcfdd4c2 h1:/ZnaJOQm99HGJQtf4+bo9IyftvS1Ark6dd1FgAml5sY=
cloudeng.io/net v0.0.0-20260108192015-3dc1bcfdd4c2/go.mod h1:oHtaAJ5yc0uZXctcnPX60pq+HY6xs/OpD9KxrYirmNw=
cloudeng.io/os v0.0.0-20260108192015-3dc1bcfdd4c2 h1:AIKpRDyI3OkV94Sv9BiYgaRBemHSfkBg49xe4pAfRvU=
cloudeng.io/os v0.0.0-20260108192015-3dc1bcfdd4c2/go.mod h1:zw0ZKJBAlCmsML2Da6EGKv6+TqOhoy5/5pYHvCFb9h8=
cloudeng.io/path v0.0.10-0.20251104042927-f7e1e5e3ef21 h1:OwB7hfADF535aPDqCXub7RwKQe2EetwkPnjMEL2Pfcw=
cloudeng.io/path v0.0.10-0.20251104042927-f7e1e5e3ef21/go.mod h1:ccynIQ1MFpXwq64qIinaLjOxqqsTQc5cNjccXKDl+aM=
cloudeng.io/sync v0.0.9-0.20251104042927-f7e1e5e3ef21 h1:euZCs56b25in7dFfFScc5nlmBiMlGvUdTjloGPA9c+w=
cloudeng.io/sync v0.0.9-0.20251104042927-f7e1e5e3ef21/go.mod h1:bPp7qbb4lSaOsQEAsGX7NCvyKAgekc4/Vxd2yYeyVM0=
cloudeng.io/sys v0.0.0-20260108054113-6b0ece4b9fa3 h1:VXm70ZMfCsIJ6chiLdJou+EkyefAOvL3kg8FKv1ClBs=
cloudeng.io/sys v0.0.0-20260108054113-6b0ece4b9fa3/go.mod h1:uYoxAmkWot8hXRb/H6nxrM8Fbhoq5Kzv957WWVpti0o=
cloudeng.io/text v0.0.13 h1:ivKGX9ssgYKrXQt+csSOA/HTmsdbxrVUnkCQyikI7ok=
cloudeng.io/text v0.0.13/go.mod h1:6rDG6qEzGxe8ePNBz7VwSf0ps9p9ihDB/uXSFR0CJvk=
cloudeng.io/webapi/clients/protocolsio v0.0.0-20260108225621-fc15d1afa620 h1:EJnsQXu+2MQItVjIDaPO6/IiMUIBpVlURx+VNpotTEk=
cloudeng.io/webapi/clients/protocolsio v0.0.0-20260108225621-fc15d1afa620/go.mod h1:YkoUb3xP0fHPwZPiiFWxb5C7xWM1tWF/RhSPC3GSUxY=
cloudeng.io/webapi/operations v0.0.0-20260108225621-fc15d1afa620 h1:Kj1LsKN5PzXlpu4SqgvcgKviIr2amlWNtt522Vatrcw=
cloudeng.io/webapi/operations v0.0.0-20260108225621-fc15d1afa620/go.mod h1:pmbEpZDpyltfT75otXh1d6ubtvV/i5So4NM5qEATQLA=
cloudeng.io/webapi/webapitestutil v0.0.0-20260108223722-702b7fae5336 h1:EkHAqC5xT0yHG7wD3vN+pMGdTjjLvSN2CPqrAJGgVds=
cloudeng.io/webapi/webapitestutil v0.0.0-20260108223722-702b7fae5336/go.mod h1:/v4SzjtAFY/+FcVh5IyVbulzZTfHbhuqN7qtcWZmHU0=
cloudeng.io/windows v0.0.0-20251203211350-c30caae1cc5e h1:88FLgbskFkcsZSgh3jncYqYBg1J2eLHGzmdp74APrCQ=
cloudeng.io/windows v0.0.0-20251203211350-c30caae1cc5e/go.mod h1:tUOArMXLISe8OY+lHimWwdHMev5N7MwQGczQgTYZb3Y=
github.com/aws/aws-sdk-go-v2 v1.41.0 h1:tNvqh1s+v0vFYdA1xq0aOJH+Y5cRyZ5upu6roPgPKd4=
github.com/aws/aws-sdk-go-v2 v1.41.0/go.mod h1:MayyLB8y+buD9hZqkCW3kX1AKq07Y5pXxtgB+rRFhz0=
github.com/aws/aws-sdk-go-v2/config v1.32.5 h1:pz3duhAfUgnxbtVhIK39PGF/AHYyrzGEyRD9Og0QrE8=
github.com/aws/aws-sdk-go-v2/config v1.32.5/go.mod h1:xmDjzSUs/d0BB7ClzYPAZMmgQdrodNjPPhd6bGASwoE=
github.com/aws/aws-sdk-go-v2/credentials v1.19.5 h1:xMo63RlqP3ZZydpJDMBsH9uJ10hgHYfQFIk1cHDXrR4=
github.com/aws/aws-sdk-go-v2/credentials v1.19.5/go.mod h1:hhbH6oRcou+LpXfA/0vPElh/e0M3aFeOblE1sssAAEk=
github.com/aws/aws-sdk-go-v2/feature/ec2/imds v1.18.16 h1:80+uETIWS1BqjnN9uJ0dBUaETh+P1XwFy5vwHwK5r9k=
github.com/aws/aws-sdk-go-v2/feature/ec2/imds v1.18.16/go.mod h1:wOOsYuxYuB/7FlnVtzeBYRcjSRtQpAW0hCP7tIULMwo=
github.com/aws/aws-sdk-go-v2/internal/configsources v1.4.16 h1:rgGwPzb82iBYSvHMHXc8h9mRoOUBZIGFgKb9qniaZZc=
github.com/aws/aws-sdk-go-v2/internal/configsources v1.4.16/go.mod h1:L/UxsGeKpGoIj6DxfhOWHWQ/kGKcd4I1VncE4++IyKA=
github.com/aws/aws-sdk-go-v2/internal/endpoints/v2 v2.7.16 h1:1jtGzuV7c82xnqOVfx2F0xmJcOw5374L7N6juGW6x6U=
github.com/aws/aws-sdk-go-v2/internal/endpoints/v2 v2.7.16/go.mod h1:M2E5OQf+XLe+SZGmmpaI2yy+J326aFf6/+54PoxSANc=
github.com/aws/aws-sdk-go-v2/internal/ini v1.8.4 h1:WKuaxf++XKWlHWu9ECbMlha8WOEGm0OUEZqm4K/Gcfk=
github.com/aws/aws-sdk-go-v2/internal/ini v1.8.4/go.mod h1:ZWy7j6v1vWGmPReu0iSGvRiise4YI5SkR3OHKTZ6Wuc=
github.com/aws/aws-sdk-go-v2/service/internal/accept-encoding v1.13.4 h1:0ryTNEdJbzUCEWkVXEXoqlXV72J5keC1GvILMOuD00E=
github.com/aws/aws-sdk-go-v2/service/internal/accept-encoding v1.13.4/go.mod h1:HQ4qwNZh32C3CBeO6iJLQlgtMzqeG17ziAA/3KDJFow=
github.com/aws/aws-sdk-go-v2/service/internal/presigned-url v1.13.16 h1:oHjJHeUy0ImIV0bsrX0X91GkV5nJAyv1l1CC9lnO0TI=
github.com/aws/aws-sdk-go-v2/service/internal/presigned-url v1.13.16/go.mod h1:iRSNGgOYmiYwSCXxXaKb9HfOEj40+oTKn8pTxMlYkRM=
github.com/aws/aws-sdk-go-v2/service/signin v1.0.4 h1:HpI7aMmJ+mm1wkSHIA2t5EaFFv5EFYXePW30p1EIrbQ=
github.com/aws/aws-sdk-go-v2/service/signin v1.0.4/go.mod h1:C5RdGMYGlfM0gYq/tifqgn4EbyX99V15P2V3R+VHbQU=
github.com/aws/aws-sdk-go-v2/service/sso v1.30.7 h1:eYnlt6QxnFINKzwxP5/Ucs1vkG7VT3Iezmvfgc2waUw=
github.com/aws/aws-sdk-go-v2/service/sso v1.30.7/go.mod h1:+fWt2UHSb4kS7Pu8y+BMBvJF0EWx+4H0hzNwtDNRTrg=
github.com/aws/aws-sdk-go-v2/service/ssooidc v1.35.12 h1:AHDr0DaHIAo8c9t1emrzAlVDFp+iMMKnPdYy6XO4MCE=
github.com/aws/aws-sdk-go-v2/service/ssooidc v1.35.12/go.mod h1:GQ73XawFFiWxyWXMHWfhiomvP3tXtdNar/fi8z18sx0=
github.com/aws/aws-sdk-go-v2/service/sts v1.41.5 h1:SciGFVNZ4mHdm7gpD1dgZYnCuVdX1s+lFTg4+4DOy70=
github.com/aws/aws-sdk-go-v2/service/sts v1.41.5/go.mod h1:iW40X4QBmUxdP+fZNOpfmkdMZqsovezbAeO+Ubiv2pk=
github.com/aws/smithy-go v1.24.0 h1:LpilSUItNPFr1eY85RYgTIg5eIEPtvFbskaFcmmIUnk=
github.com/aws/smithy-go v1.24.0/go.mod h1:LEj2LM3rBRQJxPZTB4KuzZkaZYnZPnvgIhb4pu07mx0=
github.com/kr/pretty v0.3.1 h1:flRD4NNwYAUpkphVc1HcthR4KEIFJ65n8Mw5qdRn3LE=
github.com/kr/pretty v0.3.1/go.mod h1:hoEshYVHaxMs3cyo3Yncou5ZscifuDolrwPKZanG3xk=
github.com/kr/text v0.2.0 h1:5Nx0Ya0ZqY2ygV366QzturHI13Jq95ApcVaJBhpS+AY=
github.com/kr/text v0.2.0/go.mod h1:eLer722TekiGuMkidMxC/pM04lWEeraHUUmBw8l2grE=
github.com/rogpeppe/go-internal v1.14.1 h1:UQB4HGPB6osV0SQTLymcB4TgvyWu6ZyliaW0tI/otEQ=
github.com/rogpeppe/go-internal v1.14.1/go.mod h1:MaRKkUm5W0goXpeCfT7UZI6fk/L7L7so1lCWt35ZSgc=
golang.org/x/net v0.48.0 h1:zyQRTTrjc33Lhh0fBgT/H3oZq9WuvRR5gPC70xpDiQU=
golang.org/x/net v0.48.0/go.mod h1:+ndRgGjkh8FGtu1w1FGbEC31if4VrNVMuKTgcAAnQRY=
golang.org/x/oauth2 v0.34.0 h1:hqK/t4AKgbqWkdkcAeI8XLmbK+4m4G5YeQRrmiotGlw=
golang.org/x/oauth2 v0.34.0/go.mod h1:lzm5WQJQwKZ3nwavOZ3IS5Aulzxi68dUSgRHujetwEA=
golang.org/x/sys v0.40.0 h1:DBZZqJ2Rkml6QMQsZywtnjnnGvHza6BTfYFWY9kjEWQ=
golang.org/x/sys v0.40.0/go.mod h1:OgkHotnGiDImocRcuBABYBEXf8A9a87e/uXjp9XT3ks=
gopkg.in/check.v1 v0.0.0-20161208181325-20d25e280405/go.mod h1:Co6ibVJAznAaIkqp8huTwlJQCZ016jof/cbN4VW5Yz0=
gopkg.in/check.v1 v1.0.0-20201130134442-10cb98267c6c h1:Hei/4ADfdWqJk1ZMxUNpqntNwaWcugrBjAiHlqqRiVk=
gopkg.in/check.v1 v1.0.0-20201130134442-10cb98267c6c/go.mod h1:JHkPIbrfpd72SG/EVd6muEfDQjcINNoR0C8j2r3qZ4Q=
gopkg.in/yaml.v3 v3.0.1 h1:fxVm/GzAzEWqLHuvctI91KS9hhNmmWOoWu0XTYJS7CA=
gopkg.in/yaml.v3 v3.0.1/go.mod h1:K4uyk7z7BCEPqu6E+C64Yfv1cQ7kz7rIZviUmN+EgEM=
